
Microsoft Visual Studio Solution File, Format Version 12.00
# Visual Studio Version 17
VisualStudioVersion = 17.11.35303.130
MinimumVisualStudioVersion = 10.0.40219.1
Project("{2150E333-8FDC-42A3-9474-1A3956D46DE8}") = "Task0", "Task0", "{A8C5C574-6850-48A2-84AB-11D9508907AA}"
EndProject
Project("{9A19103F-16F7-4668-BE54-9A1E7A4F7556}") = "Tyuiu.VlasenkoDA.Sprint1.Task0.V8", "Tyuiu.VlasenkoDA.Sprint1.Task0.V8\Tyuiu.VlasenkoDA.Sprint1.Task0.V8.csproj", "{B75E2B65-1271-4A8B-B504-3B2BB849759E}"
EndProject
Project("{9A19103F-16F7-4668-BE54-9A1E7A4F7556}") = "Tyuiu.VlasenkoDA.Sprint1.Task0.V8.Lib", "Tyuiu.VlasenkoDA.Sprint1.Task0.V8.Lib\Tyuiu.VlasenkoDA.Sprint1.Task0.V8.Lib.csproj", "{A3738F37-0166-4130-8034-83C4EB679BB3}"
EndProject
Project("{9A19103F-16F7-4668-BE54-9A1E7A4F7556}") = "Tyuiu.VlasenkoDA.Sprint1.Task0.V8.Test", "Tyuiu.VlasenkoDA.Sprint1.Task0.V8.Test\Tyuiu.VlasenkoDA.Sprint1.Task0.V8.Test.csproj", "{F37A21EC-6D5C-4B4D-AE80-A62B168A3731}"
EndProject
Project("{2150E333-8FDC-42A3-9474-1A3956D46DE8}") = "Task1", "Task1", "{3071C9B7-1608-4C82-843E-F2098223A7A5}"
EndProject
Project("{9A19103F-16F7-4668-BE54-9A1E7A4F7556}") = "Tyuiu.VlasenkoDA.Sprint1.Task1.V24", "Tyuiu.VlasenkoDA.Sprint1.Task1.V24\Tyuiu.VlasenkoDA.Sprint1.Task1.V24.csproj", "{673502A6-096E-4F4F-A78C-BC6C256A963F}"
EndProject
Project("{9A19103F-16F7-4668-BE54-9A1E7A4F7556}") = "Tyuiu.VlasenkoDA.Sprint1.Task1.V24.Lib", "Tyuiu.VlasenkoDA.Sprint1.Task1.V24.Lib\Tyuiu.VlasenkoDA.Sprint1.Task1.V24.Lib.csproj", "{EF7B8C5F-B3D7-4CDB-AF94-0E23303A272C}"
EndProject
Project("{9A19103F-16F7-4668-BE54-9A1E7A4F7556}") = "Tyuiu.VlasenkoDA.Sprint1.Task1.V24.Test", "Tyuiu.VlasenkoDA.Sprint1.Task1.V24.Test\Tyuiu.VlasenkoDA.Sprint1.Task1.V24.Test.csproj", "{684D836D-CF4C-40FB-BEFF-0674F4C5B462}"
EndProject
Project("{2150E333-8FDC-42A3-9474-1A3956D46DE8}") = "Task2", "Task2", "{9994ED30-4930-49ED-98ED-595709A23F3C}"
EndProject
Project("{9A19103F-16F7-4668-BE54-9A1E7A4F7556}") = "Tyuiu.VlasenkoDA.Sprint1.Task2.V13", "Tyuiu.VlasenkoDA.Sprint1.Task2.V13\Tyuiu.VlasenkoDA.Sprint1.Task2.V13.csproj", "{F37EB39C-591D-4723-9A6A-D25A1E3830DB}"
EndProject
Project("{9A19103F-16F7-4668-BE54-9A1E7A4F7556}") = "Tyuiu.VlasenkoDA.Sprint1.Task2.V13.Test", "Tyuiu.VlasenkoDA.Sprint1.Task2.V13.Test\Tyuiu.VlasenkoDA.Sprint1.Task2.V13.Test.csproj", "{09C2BAB8-C9F1-4B97-A56C-DA47849885C8}"
EndProject
Project("{9A19103F-16F7-4668-BE54-9A1E7A4F7556}") = "Tyuiu.VlasenkoDA.Sprint1.Task2.V13.Lib", "Tyuiu.VlasenkoDA.Sprint1.Task2.V13.Lib\Tyuiu.VlasenkoDA.Sprint1.Task2.V13.Lib.csproj", "{DD522F7D-6410-43E4-8F8B-1A87F6F6F494}"
EndProject
Project("{2150E333-8FDC-42A3-9474-1A3956D46DE8}") = "Task3", "Task3", "{2A976091-3A75-47D0-A518-5517FBC2F71E}"
EndProject
Project("{9A19103F-16F7-4668-BE54-9A1E7A4F7556}") = "Tyuiu.VlasenkoDA.Sprint1.Task3.V8", "Tyuiu.VlasenkoDA.Sprint1.Task3.V8\Tyuiu.VlasenkoDA.Sprint1.Task3.V8.csproj", "{35BB4779-A15B-42C2-80B1-89E54E169C1A}"
EndProject
Project("{9A19103F-16F7-4668-BE54-9A1E7A4F7556}") = "Tyuiu.VlasenkoDA.Sprint1.Task3.V8.Lib", "Tyuiu.VlasenkoDA.Sprint1.Task3.V8.Lib\Tyuiu.VlasenkoDA.Sprint1.Task3.V8.Lib.csproj", "{72AFF8C4-9B00-4CFC-8307-F28F136DA3D8}"
EndProject
Project("{9A19103F-16F7-4668-BE54-9A1E7A4F7556}") = "Tyuiu.VlasenkoDA.Sprint1.Task3.V8.Test", "Tyuiu.VlasenkoDA.Sprint1.Task3.V8.Test\Tyuiu.VlasenkoDA.Sprint1.Task3.V8.Test.csproj", "{A7B3BA42-A323-4476-B3A7-37A6DF688897}"
EndProject
Project("{2150E333-8FDC-42A3-9474-1A3956D46DE8}") = "Task4", "Task4", "{B1B21215-BD5C-4231-A5EC-A4F81FF9E2DA}"
EndProject
Project("{9A19103F-16F7-4668-BE54-9A1E7A4F7556}") = "Tyuiu.VlasenkoDA.Sprint1.Task4.V29", "Tyuiu.VlasenkoDA.Sprint1.Task4.V29\Tyuiu.VlasenkoDA.Sprint1.Task4.V29.csproj", "{452A2567-6FEF-4A6E-8C32-71262B71E3F6}"
EndProject
Project("{9A19103F-16F7-4668-BE54-9A1E7A4F7556}") = "Tyuiu.VlasenkoDA.Sprint1.Task4.V29.Lib", "Tyuiu.VlasenkoDA.Sprint1.Task4.V29.Lib\Tyuiu.VlasenkoDA.Sprint1.Task4.V29.Lib.csproj", "{92A5CE73-C8BF-485A-874E-2B802DD3A7C9}"
EndProject
Project("{9A19103F-16F7-4668-BE54-9A1E7A4F7556}") = "Tyuiu.VlasenkoDA.Sprint1.Task4.V29.Test", "Tyuiu.VlasenkoDA.Sprint1.Task4.V29.Test\Tyuiu.VlasenkoDA.Sprint1.Task4.V29.Test.csproj", "{E73F566D-AF33-473D-AC21-8C00853464C9}"
EndProject
Project("{2150E333-8FDC-42A3-9474-1A3956D46DE8}") = "Task5", "Task5", "{F42E2F36-EA1E-4377-8E85-4636189D6CFA}"
EndProject
Project("{FAE04EC0-301F-11D3-BF4B-00C04F79EFBC}") = "Tyuiu.VlasenkoDA.Sprint1.Task5.V4", "Tyuiu.VlasenkoDA.Sprint1.Task5.V4\Tyuiu.VlasenkoDA.Sprint1.Task5.V4.csproj", "{9EF8B9E6-E95A-489A-B747-6299D4CCB9AE}"
EndProject
Project("{FAE04EC0-301F-11D3-BF4B-00C04F79EFBC}") = "Tyuiu.VlasenkoDA.Sprint1.Task5.V4.Lib", "Tyuiu.VlasenkoDA.Sprint1.Task5.V4.Lib\Tyuiu.VlasenkoDA.Sprint1.Task5.V4.Lib.csproj", "{5667518A-94E5-4C6F-B543-7BDB26BEB66F}"
EndProject
Project("{FAE04EC0-301F-11D3-BF4B-00C04F79EFBC}") = "Tyuiu.VlasenkoDA.Sprint1.Task5.V4.Test", "Tyuiu.VlasenkoDA.Sprint1.Task5.V4.Test\Tyuiu.VlasenkoDA.Sprint1.Task5.V4.Test.csproj", "{EFCE9D8B-74FD-41F7-BA47-04EEC29EE655}"
EndProject
Global
	GlobalSection(SolutionConfigurationPlatforms) = preSolution
		Debug|Any CPU = Debug|Any CPU
		Release|Any CPU = Release|Any CPU
	EndGlobalSection
	GlobalSection(ProjectConfigurationPlatforms) = postSolution
		{B75E2B65-1271-4A8B-B504-3B2BB849759E}.Debug|Any CPU.ActiveCfg = Debug|Any CPU
		{B75E2B65-1271-4A8B-B504-3B2BB849759E}.Debug|Any CPU.Build.0 = Debug|Any CPU
		{B75E2B65-1271-4A8B-B504-3B2BB849759E}.Release|Any CPU.ActiveCfg = Release|Any CPU
		{B75E2B65-1271-4A8B-B504-3B2BB849759E}.Release|Any CPU.Build.0 = Release|Any CPU
		{A3738F37-0166-4130-8034-83C4EB679BB3}.Debug|Any CPU.ActiveCfg = Debug|Any CPU
		{A3738F37-0166-4130-8034-83C4EB679BB3}.Debug|Any CPU.Build.0 = Debug|Any CPU
		{A3738F37-0166-4130-8034-83C4EB679BB3}.Release|Any CPU.ActiveCfg = Release|Any CPU
		{A3738F37-0166-4130-8034-83C4EB679BB3}.Release|Any CPU.Build.0 = Release|Any CPU
		{F37A21EC-6D5C-4B4D-AE80-A62B168A3731}.Debug|Any CPU.ActiveCfg = Debug|Any CPU
		{F37A21EC-6D5C-4B4D-AE80-A62B168A3731}.Debug|Any CPU.Build.0 = Debug|Any CPU
		{F37A21EC-6D5C-4B4D-AE80-A62B168A3731}.Release|Any CPU.ActiveCfg = Release|Any CPU
		{F37A21EC-6D5C-4B4D-AE80-A62B168A3731}.Release|Any CPU.Build.0 = Release|Any CPU
		{673502A6-096E-4F4F-A78C-BC6C256A963F}.Debug|Any CPU.ActiveCfg = Debug|Any CPU
		{673502A6-096E-4F4F-A78C-BC6C256A963F}.Debug|Any CPU.Build.0 = Debug|Any CPU
		{673502A6-096E-4F4F-A78C-BC6C256A963F}.Release|Any CPU.ActiveCfg = Release|Any CPU
		{673502A6-096E-4F4F-A78C-BC6C256A963F}.Release|Any CPU.Build.0 = Release|Any CPU
		{EF7B8C5F-B3D7-4CDB-AF94-0E23303A272C}.Debug|Any CPU.ActiveCfg = Debug|Any CPU
		{EF7B8C5F-B3D7-4CDB-AF94-0E23303A272C}.Debug|Any CPU.Build.0 = Debug|Any CPU
		{EF7B8C5F-B3D7-4CDB-AF94-0E23303A272C}.Release|Any CPU.ActiveCfg = Release|Any CPU
		{EF7B8C5F-B3D7-4CDB-AF94-0E23303A272C}.Release|Any CPU.Build.0 = Release|Any CPU
		{684D836D-CF4C-40FB-BEFF-0674F4C5B462}.Debug|Any CPU.ActiveCfg = Debug|Any CPU
		{684D836D-CF4C-40FB-BEFF-0674F4C5B462}.Debug|Any CPU.Build.0 = Debug|Any CPU
		{684D836D-CF4C-40FB-BEFF-0674F4C5B462}.Release|Any CPU.ActiveCfg = Release|Any CPU
		{684D836D-CF4C-40FB-BEFF-0674F4C5B462}.Release|Any CPU.Build.0 = Release|Any CPU
		{F37EB39C-591D-4723-9A6A-D25A1E3830DB}.Debug|Any CPU.ActiveCfg = Debug|Any CPU
		{F37EB39C-591D-4723-9A6A-D25A1E3830DB}.Debug|Any CPU.Build.0 = Debug|Any CPU
		{F37EB39C-591D-4723-9A6A-D25A1E3830DB}.Release|Any CPU.ActiveCfg = Release|Any CPU
		{F37EB39C-591D-4723-9A6A-D25A1E3830DB}.Release|Any CPU.Build.0 = Release|Any CPU
		{09C2BAB8-C9F1-4B97-A56C-DA47849885C8}.Debug|Any CPU.ActiveCfg = Debug|Any CPU
		{09C2BAB8-C9F1-4B97-A56C-DA47849885C8}.Debug|Any CPU.Build.0 = Debug|Any CPU
		{09C2BAB8-C9F1-4B97-A56C-DA47849885C8}.Release|Any CPU.ActiveCfg = Release|Any CPU
		{09C2BAB8-C9F1-4B97-A56C-DA47849885C8}.Release|Any CPU.Build.0 = Release|Any CPU
		{DD522F7D-6410-43E4-8F8B-1A87F6F6F494}.Debug|Any CPU.ActiveCfg = Debug|Any CPU
		{DD522F7D-6410-43E4-8F8B-1A87F6F6F494}.Debug|Any CPU.Build.0 = Debug|Any CPU
		{DD522F7D-6410-43E4-8F8B-1A87F6F6F494}.Release|Any CPU.ActiveCfg = Release|Any CPU
		{DD522F7D-6410-43E4-8F8B-1A87F6F6F494}.Release|Any CPU.Build.0 = Release|Any CPU
		{35BB4779-A15B-42C2-80B1-89E54E169C1A}.Debug|Any CPU.ActiveCfg = Debug|Any CPU
		{35BB4779-A15B-42C2-80B1-89E54E169C1A}.Debug|Any CPU.Build.0 = Debug|Any CPU
		{35BB4779-A15B-42C2-80B1-89E54E169C1A}.Release|Any CPU.ActiveCfg = Release|Any CPU
		{35BB4779-A15B-42C2-80B1-89E54E169C1A}.Release|Any CPU.Build.0 = Release|Any CPU
		{72AFF8C4-9B00-4CFC-8307-F28F136DA3D8}.Debug|Any CPU.ActiveCfg = Debug|Any CPU
		{72AFF8C4-9B00-4CFC-8307-F28F136DA3D8}.Debug|Any CPU.Build.0 = Debug|Any CPU
		{72AFF8C4-9B00-4CFC-8307-F28F136DA3D8}.Release|Any CPU.ActiveCfg = Release|Any CPU
		{72AFF8C4-9B00-4CFC-8307-F28F136DA3D8}.Release|Any CPU.Build.0 = Release|Any CPU
		{A7B3BA42-A323-4476-B3A7-37A6DF688897}.Debug|Any CPU.ActiveCfg = Debug|Any CPU
		{A7B3BA42-A323-4476-B3A7-37A6DF688897}.Debug|Any CPU.Build.0 = Debug|Any CPU
		{A7B3BA42-A323-4476-B3A7-37A6DF688897}.Release|Any CPU.ActiveCfg = Release|Any CPU
		{A7B3BA42-A323-4476-B3A7-37A6DF688897}.Release|Any CPU.Build.0 = Release|Any CPU
		{452A2567-6FEF-4A6E-8C32-71262B71E3F6}.Debug|Any CPU.ActiveCfg = Debug|Any CPU
		{452A2567-6FEF-4A6E-8C32-71262B71E3F6}.Debug|Any CPU.Build.0 = Debug|Any CPU
		{452A2567-6FEF-4A6E-8C32-71262B71E3F6}.Release|Any CPU.ActiveCfg = Release|Any CPU
		{452A2567-6FEF-4A6E-8C32-71262B71E3F6}.Release|Any CPU.Build.0 = Release|Any CPU
		{92A5CE73-C8BF-485A-874E-2B802DD3A7C9}.Debug|Any CPU.ActiveCfg = Debug|Any CPU
		{92A5CE73-C8BF-485A-874E-2B802DD3A7C9}.Debug|Any CPU.Build.0 = Debug|Any CPU
		{92A5CE73-C8BF-485A-874E-2B802DD3A7C9}.Release|Any CPU.ActiveCfg = Release|Any CPU
		{92A5CE73-C8BF-485A-874E-2B802DD3A7C9}.Release|Any CPU.Build.0 = Release|Any CPU
		{E73F566D-AF33-473D-AC21-8C00853464C9}.Debug|Any CPU.ActiveCfg = Debug|Any CPU
		{E73F566D-AF33-473D-AC21-8C00853464C9}.Debug|Any CPU.Build.0 = Debug|Any CPU
		{E73F566D-AF33-473D-AC21-8C00853464C9}.Release|Any CPU.ActiveCfg = Release|Any CPU
		{E73F566D-AF33-473D-AC21-8C00853464C9}.Release|Any CPU.Build.0 = Release|Any CPU
		{9EF8B9E6-E95A-489A-B747-6299D4CCB9AE}.Debug|Any CPU.ActiveCfg = Debug|Any CPU
		{9EF8B9E6-E95A-489A-B747-6299D4CCB9AE}.Debug|Any CPU.Build.0 = Debug|Any CPU
		{9EF8B9E6-E95A-489A-B747-6299D4CCB9AE}.Release|Any CPU.ActiveCfg = Release|Any CPU
		{9EF8B9E6-E95A-489A-B747-6299D4CCB9AE}.Release|Any CPU.Build.0 = Release|Any CPU
		{5667518A-94E5-4C6F-B543-7BDB26BEB66F}.Debug|Any CPU.ActiveCfg = Debug|Any CPU
		{5667518A-94E5-4C6F-B543-7BDB26BEB66F}.Debug|Any CPU.Build.0 = Debug|Any CPU
		{5667518A-94E5-4C6F-B543-7BDB26BEB66F}.Release|Any CPU.ActiveCfg = Release|Any CPU
		{5667518A-94E5-4C6F-B543-7BDB26BEB66F}.Release|Any CPU.Build.0 = Release|Any CPU
		{EFCE9D8B-74FD-41F7-BA47-04EEC29EE655}.Debug|Any CPU.ActiveCfg = Debug|Any CPU
		{EFCE9D8B-74FD-41F7-BA47-04EEC29EE655}.Debug|Any CPU.Build.0 = Debug|Any CPU
		{EFCE9D8B-74FD-41F7-BA47-04EEC29EE655}.Release|Any CPU.ActiveCfg = Release|Any CPU
		{EFCE9D8B-74FD-41F7-BA47-04EEC29EE655}.Release|Any CPU.Build.0 = Release|Any CPU
	EndGlobalSection
	GlobalSection(SolutionProperties) = preSolution
		HideSolutionNode = FALSE
	EndGlobalSection
	GlobalSection(NestedProjects) = preSolution
		{B75E2B65-1271-4A8B-B504-3B2BB849759E} = {A8C5C574-6850-48A2-84AB-11D9508907AA}
		{A3738F37-0166-4130-8034-83C4EB679BB3} = {A8C5C574-6850-48A2-84AB-11D9508907AA}
		{F37A21EC-6D5C-4B4D-AE80-A62B168A3731} = {A8C5C574-6850-48A2-84AB-11D9508907AA}
		{673502A6-096E-4F4F-A78C-BC6C256A963F} = {3071C9B7-1608-4C82-843E-F2098223A7A5}
		{EF7B8C5F-B3D7-4CDB-AF94-0E23303A272C} = {3071C9B7-1608-4C82-843E-F2098223A7A5}
		{684D836D-CF4C-40FB-BEFF-0674F4C5B462} = {3071C9B7-1608-4C82-843E-F2098223A7A5}
		{F37EB39C-591D-4723-9A6A-D25A1E3830DB} = {9994ED30-4930-49ED-98ED-595709A23F3C}
		{09C2BAB8-C9F1-4B97-A56C-DA47849885C8} = {9994ED30-4930-49ED-98ED-595709A23F3C}
		{DD522F7D-6410-43E4-8F8B-1A87F6F6F494} = {9994ED30-4930-49ED-98ED-595709A23F3C}
		{35BB4779-A15B-42C2-80B1-89E54E169C1A} = {2A976091-3A75-47D0-A518-5517FBC2F71E}
		{72AFF8C4-9B00-4CFC-8307-F28F136DA3D8} = {2A976091-3A75-47D0-A518-5517FBC2F71E}
		{A7B3BA42-A323-4476-B3A7-37A6DF688897} = {2A976091-3A75-47D0-A518-5517FBC2F71E}
		{452A2567-6FEF-4A6E-8C32-71262B71E3F6} = {B1B21215-BD5C-4231-A5EC-A4F81FF9E2DA}
		{92A5CE73-C8BF-485A-874E-2B802DD3A7C9} = {B1B21215-BD5C-4231-A5EC-A4F81FF9E2DA}
		{E73F566D-AF33-473D-AC21-8C00853464C9} = {B1B21215-BD5C-4231-A5EC-A4F81FF9E2DA}
		{9EF8B9E6-E95A-489A-B747-6299D4CCB9AE} = {F42E2F36-EA1E-4377-8E85-4636189D6CFA}
		{5667518A-94E5-4C6F-B543-7BDB26BEB66F} = {F42E2F36-EA1E-4377-8E85-4636189D6CFA}
		{EFCE9D8B-74FD-41F7-BA47-04EEC29EE655} = {F42E2F36-EA1E-4377-8E85-4636189D6CFA}
	EndGlobalSection
	GlobalSection(ExtensibilityGlobals) = postSolution
		SolutionGuid = {1F7FE56E-206B-4831-9895-46E3F8F242A3}
	EndGlobalSection
EndGlobal
